
Microsoft Visual Studio Solution File, Format Version 12.00
# Visual Studio Version 16
VisualStudioVersion = 16.0.28803.452
MinimumVisualStudioVersion = 10.0.40219.1
Project("{FAE04EC0-301F-11D3-BF4B-00C04F79EFBC}") = "MainPJ", "WpfApp1\MainPJ.csproj", "{94283F9E-2343-4449-B894-609BAD0B713F}"
EndProject
Project("{2150E333-8FDC-42A3-9474-1A3956D46DE8}") = "Common", "Common", "{194055B4-DC1F-4DEA-B1AC-CC73061B0450}"
EndProject
Project("{9A19103F-16F7-4668-BE54-9A1E7A4F7556}") = "Framewark", "Framewark\Framewark.csproj", "{4AD89ACC-2E7E-424E-BAFB-4542ED960E71}"
EndProject
Project("{9A19103F-16F7-4668-BE54-9A1E7A4F7556}") = "Data", "Data\Data.csproj", "{0ED0FBB4-9678-4B20-889E-6B5035F74698}"
EndProject
Project("{9A19103F-16F7-4668-BE54-9A1E7A4F7556}") = "Util", "Util\Util.csproj", "{A9F3E31C-E3B4-42CE-B2D4-FB2648C7AACD}"
EndProject
Project("{2150E333-8FDC-42A3-9474-1A3956D46DE8}") = "Config", "Config", "{20C876BC-9CA0-4FF7-93FF-902D9B793ABC}"
	ProjectSection(SolutionItems) = preProject
		initTable.sql = initTable.sql
	EndProjectSection
EndProject
Global
	GlobalSection(SolutionConfigurationPlatforms) = preSolution
		Debug|Any CPU = Debug|Any CPU
		Debug|ARM = Debug|ARM
		Debug|ARM64 = Debug|ARM64
		Debug|x64 = Debug|x64
		Debug|x86 = Debug|x86
		Release|Any CPU = Release|Any CPU
		Release|ARM = Release|ARM
		Release|ARM64 = Release|ARM64
		Release|x64 = Release|x64
		Release|x86 = Release|x86
	EndGlobalSection
	GlobalSection(ProjectConfigurationPlatforms) = postSolution
		{94283F9E-2343-4449-B894-609BAD0B713F}.Debug|Any CPU.ActiveCfg = Debug|Any CPU
		{94283F9E-2343-4449-B894-609BAD0B713F}.Debug|Any CPU.Build.0 = Debug|Any CPU
		{94283F9E-2343-4449-B894-609BAD0B713F}.Debug|ARM.ActiveCfg = Debug|Any CPU
		{94283F9E-2343-4449-B894-609BAD0B713F}.Debug|ARM.Build.0 = Debug|Any CPU
		{94283F9E-2343-4449-B894-609BAD0B713F}.Debug|ARM64.ActiveCfg = Debug|Any CPU
		{94283F9E-2343-4449-B894-609BAD0B713F}.Debug|ARM64.Build.0 = Debug|Any CPU
		{94283F9E-2343-4449-B894-609BAD0B713F}.Debug|x64.ActiveCfg = Debug|Any CPU
		{94283F9E-2343-4449-B894-609BAD0B713F}.Debug|x64.Build.0 = Debug|Any CPU
		{94283F9E-2343-4449-B894-609BAD0B713F}.Debug|x86.ActiveCfg = Debug|Any CPU
		{94283F9E-2343-4449-B894-609BAD0B713F}.Debug|x86.Build.0 = Debug|Any CPU
		{94283F9E-2343-4449-B894-609BAD0B713F}.Release|Any CPU.ActiveCfg = Release|Any CPU
		{94283F9E-2343-4449-B894-609BAD0B713F}.Release|Any CPU.Build.0 = Release|Any CPU
		{94283F9E-2343-4449-B894-609BAD0B713F}.Release|ARM.ActiveCfg = Release|Any CPU
		{94283F9E-2343-4449-B894-609BAD0B713F}.Release|ARM.Build.0 = Release|Any CPU
		{94283F9E-2343-4449-B894-609BAD0B713F}.Release|ARM64.ActiveCfg = Release|Any CPU
		{94283F9E-2343-4449-B894-609BAD0B713F}.Release|ARM64.Build.0 = Release|Any CPU
		{94283F9E-2343-4449-B894-609BAD0B713F}.Release|x64.ActiveCfg = Release|Any CPU
		{94283F9E-2343-4449-B894-609BAD0B713F}.Release|x64.Build.0 = Release|Any CPU
		{94283F9E-2343-4449-B894-609BAD0B713F}.Release|x86.ActiveCfg = Release|Any CPU
		{94283F9E-2343-4449-B894-609BAD0B713F}.Release|x86.Build.0 = Release|Any CPU
		{4AD89ACC-2E7E-424E-BAFB-4542ED960E71}.Debug|Any CPU.ActiveCfg = Debug|Any CPU
		{4AD89ACC-2E7E-424E-BAFB-4542ED960E71}.Debug|Any CPU.Build.0 = Debug|Any CPU
		{4AD89ACC-2E7E-424E-BAFB-4542ED960E71}.Debug|ARM.ActiveCfg = Debug|Any CPU
		{4AD89ACC-2E7E-424E-BAFB-4542ED960E71}.Debug|ARM.Build.0 = Debug|Any CPU
		{4AD89ACC-2E7E-424E-BAFB-4542ED960E71}.Debug|ARM64.ActiveCfg = Debug|Any CPU
		{4AD89ACC-2E7E-424E-BAFB-4542ED960E71}.Debug|ARM64.Build.0 = Debug|Any CPU
		{4AD89ACC-2E7E-424E-BAFB-4542ED960E71}.Debug|x64.ActiveCfg = Debug|Any CPU
		{4AD89ACC-2E7E-424E-BAFB-4542ED960E71}.Debug|x64.Build.0 = Debug|Any CPU
		{4AD89ACC-2E7E-424E-BAFB-4542ED960E71}.Debug|x86.ActiveCfg = Debug|Any CPU
		{4AD89ACC-2E7E-424E-BAFB-4542ED960E71}.Debug|x86.Build.0 = Debug|Any CPU
		{4AD89ACC-2E7E-424E-BAFB-4542ED960E71}.Release|Any CPU.ActiveCfg = Release|Any CPU
		{4AD89ACC-2E7E-424E-BAFB-4542ED960E71}.Release|Any CPU.Build.0 = Release|Any CPU
		{4AD89ACC-2E7E-424E-BAFB-4542ED960E71}.Release|ARM.ActiveCfg = Release|Any CPU
		{4AD89ACC-2E7E-424E-BAFB-4542ED960E71}.Release|ARM.Build.0 = Release|Any CPU
		{4AD89ACC-2E7E-424E-BAFB-4542ED960E71}.Release|ARM64.ActiveCfg = Release|Any CPU
		{4AD89ACC-2E7E-424E-BAFB-4542ED960E71}.Release|ARM64.Build.0 = Release|Any CPU
		{4AD89ACC-2E7E-424E-BAFB-4542ED960E71}.Release|x64.ActiveCfg = Release|Any CPU
		{4AD89ACC-2E7E-424E-BAFB-4542ED960E71}.Release|x64.Build.0 = Release|Any CPU
		{4AD89ACC-2E7E-424E-BAFB-4542ED960E71}.Release|x86.ActiveCfg = Release|Any CPU
		{4AD89ACC-2E7E-424E-BAFB-4542ED960E71}.Release|x86.Build.0 = Release|Any CPU
		{0ED0FBB4-9678-4B20-889E-6B5035F74698}.Debug|Any CPU.ActiveCfg = Debug|Any CPU
		{0ED0FBB4-9678-4B20-889E-6B5035F74698}.Debug|Any CPU.Build.0 = Debug|Any CPU
		{0ED0FBB4-9678-4B20-889E-6B5035F74698}.Debug|ARM.ActiveCfg = Debug|Any CPU
		{0ED0FBB4-9678-4B20-889E-6B5035F74698}.Debug|ARM.Build.0 = Debug|Any CPU
		{0ED0FBB4-9678-4B20-889E-6B5035F74698}.Debug|ARM64.ActiveCfg = Debug|Any CPU
		{0ED0FBB4-9678-4B20-889E-6B5035F74698}.Debug|ARM64.Build.0 = Debug|Any CPU
		{0ED0FBB4-9678-4B20-889E-6B5035F74698}.Debug|x64.ActiveCfg = Debug|Any CPU
		{0ED0FBB4-9678-4B20-889E-6B5035F74698}.Debug|x64.Build.0 = Debug|Any CPU
		{0ED0FBB4-9678-4B20-889E-6B5035F74698}.Debug|x86.ActiveCfg = Debug|Any CPU
		{0ED0FBB4-9678-4B20-889E-6B5035F74698}.Debug|x86.Build.0 = Debug|Any CPU
		{0ED0FBB4-9678-4B20-889E-6B5035F74698}.Release|Any CPU.ActiveCfg = Release|Any CPU
		{0ED0FBB4-9678-4B20-889E-6B5035F74698}.Release|Any CPU.Build.0 = Release|Any CPU
		{0ED0FBB4-9678-4B20-889E-6B5035F74698}.Release|ARM.ActiveCfg = Release|Any CPU
		{0ED0FBB4-9678-4B20-889E-6B5035F74698}.Release|ARM.Build.0 = Release|Any CPU
		{0ED0FBB4-9678-4B20-889E-6B5035F74698}.Release|ARM64.ActiveCfg = Release|Any CPU
		{0ED0FBB4-9678-4B20-889E-6B5035F74698}.Release|ARM64.Build.0 = Release|Any CPU
		{0ED0FBB4-9678-4B20-889E-6B5035F74698}.Release|x64.ActiveCfg = Release|Any CPU
		{0ED0FBB4-9678-4B20-889E-6B5035F74698}.Release|x64.Build.0 = Release|Any CPU
		{0ED0FBB4-9678-4B20-889E-6B5035F74698}.Release|x86.ActiveCfg = Release|Any CPU
		{0ED0FBB4-9678-4B20-889E-6B5035F74698}.Release|x86.Build.0 = Release|Any CPU
		{A9F3E31C-E3B4-42CE-B2D4-FB2648C7AACD}.Debug|Any CPU.ActiveCfg = Debug|Any CPU
		{A9F3E31C-E3B4-42CE-B2D4-FB2648C7AACD}.Debug|Any CPU.Build.0 = Debug|Any CPU
		{A9F3E31C-E3B4-42CE-B2D4-FB2648C7AACD}.Debug|ARM.ActiveCfg = Debug|Any CPU
		{A9F3E31C-E3B4-42CE-B2D4-FB2648C7AACD}.Debug|ARM.Build.0 = Debug|Any CPU
		{A9F3E31C-E3B4-42CE-B2D4-FB2648C7AACD}.Debug|ARM64.ActiveCfg = Debug|Any CPU
		{A9F3E31C-E3B4-42CE-B2D4-FB2648C7AACD}.Debug|ARM64.Build.0 = Debug|Any CPU
		{A9F3E31C-E3B4-42CE-B2D4-FB2648C7AACD}.Debug|x64.ActiveCfg = Debug|Any CPU
		{A9F3E31C-E3B4-42CE-B2D4-FB2648C7AACD}.Debug|x64.Build.0 = Debug|Any CPU
		{A9F3E31C-E3B4-42CE-B2D4-FB2648C7AACD}.Debug|x86.ActiveCfg = Debug|Any CPU
		{A9F3E31C-E3B4-42CE-B2D4-FB2648C7AACD}.Debug|x86.Build.0 = Debug|Any CPU
		{A9F3E31C-E3B4-42CE-B2D4-FB2648C7AACD}.Release|Any CPU.ActiveCfg = Release|Any CPU
		{A9F3E31C-E3B4-42CE-B2D4-FB2648C7AACD}.Release|Any CPU.Build.0 = Release|Any CPU
		{A9F3E31C-E3B4-42CE-B2D4-FB2648C7AACD}.Release|ARM.ActiveCfg = Release|Any CPU
		{A9F3E31C-E3B4-42CE-B2D4-FB2648C7AACD}.Release|ARM.Build.0 = Release|Any CPU
		{A9F3E31C-E3B4-42CE-B2D4-FB2648C7AACD}.Release|ARM64.ActiveCfg = Release|Any CPU
		{A9F3E31C-E3B4-42CE-B2D4-FB2648C7AACD}.Release|ARM64.Build.0 = Release|Any CPU
		{A9F3E31C-E3B4-42CE-B2D4-FB2648C7AACD}.Release|x64.ActiveCfg = Release|Any CPU
		{A9F3E31C-E3B4-42CE-B2D4-FB2648C7AACD}.Release|x64.Build.0 = Release|Any CPU
		{A9F3E31C-E3B4-42CE-B2D4-FB2648C7AACD}.Release|x86.ActiveCfg = Release|Any CPU
		{A9F3E31C-E3B4-42CE-B2D4-FB2648C7AACD}.Release|x86.Build.0 = Release|Any CPU
	EndGlobalSection
	GlobalSection(SolutionProperties) = preSolution
		HideSolutionNode = FALSE
	EndGlobalSection
	GlobalSection(NestedProjects) = preSolution
		{4AD89ACC-2E7E-424E-BAFB-4542ED960E71} = {194055B4-DC1F-4DEA-B1AC-CC73061B0450}
		{0ED0FBB4-9678-4B20-889E-6B5035F74698} = {194055B4-DC1F-4DEA-B1AC-CC73061B0450}
		{A9F3E31C-E3B4-42CE-B2D4-FB2648C7AACD} = {194055B4-DC1F-4DEA-B1AC-CC73061B0450}
	EndGlobalSection
	GlobalSection(ExtensibilityGlobals) = postSolution
		SolutionGuid = {A1BFBF2D-86FE-4E3D-A44C-D7A70F3A26E9}
	EndGlobalSection
EndGlobal
